{
  "version": 4,
  "terraform_version": "0.14.4",
  "serial": 113,
  "lineage": "7584b402-a75b-306f-9519-d2d2cb31745f",
  "outputs": {},
  "resources": [
    {
      "mode": "managed",
      "type": "azurerm_app_service",
      "name": "main",
      "provider": "provider[\"registry.terraform.io/hashicorp/azurerm\"]",
      "instances": [
        {
          "schema_version": 0,
          "attributes": {
            "app_service_plan_id": "/subscriptions/de7365e2-8329-48fc-8273-4ab1574e6b4b/resourceGroups/Jagadeesh/providers/Microsoft.Web/serverfarms/appserviceplan",
            "app_settings": {
              "SOME_KEY": "some-value"
            },
            "auth_settings": [
              {
                "active_directory": [],
                "additional_login_params": {},
                "allowed_external_redirect_urls": [],
                "default_provider": "",
                "enabled": false,
                "facebook": [],
                "google": [],
                "issuer": "",
                "microsoft": [],
                "runtime_version": "",
                "token_refresh_extension_hours": 0,
                "token_store_enabled": false,
                "twitter": [],
                "unauthenticated_client_action": ""
              }
            ],
            "backup": [],
            "client_affinity_enabled": false,
            "client_cert_enabled": false,
            "connection_string": [
              {
                "name": "Database",
                "type": "SQLServer",
                "value": "Server=some-server.mydomain.com;Integrated Security=SSPI"
              }
            ],
            "custom_domain_verification_id": "BD494CB1632B75D591CB1056712B628591CA460430CDE0E59ABAA8F63FC1CA66",
            "default_site_hostname": "app-service-jagadeesh.azurewebsites.net",
            "enabled": true,
            "https_only": false,
            "id": "/subscriptions/de7365e2-8329-48fc-8273-4ab1574e6b4b/resourceGroups/Jagadeesh/providers/Microsoft.Web/sites/app-service-Jagadeesh",
            "identity": [],
            "location": "westus2",
            "logs": [
              {
                "application_logs": [
                  {
                    "azure_blob_storage": [],
                    "file_system_level": "Off"
                  }
                ],
                "detailed_error_messages_enabled": false,
                "failed_request_tracing_enabled": false,
                "http_logs": [
                  {
                    "azure_blob_storage": [],
                    "file_system": []
                  }
                ]
              }
            ],
            "name": "app-service-Jagadeesh",
            "outbound_ip_address_list": [
              "13.66.138.98",
              "52.175.245.212",
              "13.66.214.54",
              "13.66.198.215",
              "13.66.212.4"
            ],
            "outbound_ip_addresses": "13.66.138.98,52.175.245.212,13.66.214.54,13.66.198.215,13.66.212.4",
            "possible_outbound_ip_address_list": [
              "13.66.138.98",
              "52.175.245.212",
              "13.66.214.54",
              "13.66.198.215",
              "13.66.212.4",
              "13.66.250.134",
              "13.77.148.152",
              "52.175.207.13"
            ],
            "possible_outbound_ip_addresses": "13.66.138.98,52.175.245.212,13.66.214.54,13.66.198.215,13.66.212.4,13.66.250.134,13.77.148.152,52.175.207.13",
            "resource_group_name": "Jagadeesh",
            "site_config": [
              {
                "always_on": false,
                "app_command_line": "",
                "auto_swap_slot_name": "",
                "cors": [
                  {
                    "allowed_origins": [],
                    "support_credentials": false
                  }
                ],
                "default_documents": [],
                "dotnet_framework_version": "v4.0",
                "ftps_state": "AllAllowed",
                "health_check_path": "",
                "http2_enabled": false,
                "ip_restriction": [],
                "java_container": "",
                "java_container_version": "",
                "java_version": "",
                "linux_fx_version": "",
                "local_mysql_enabled": false,
                "managed_pipeline_mode": "Integrated",
                "min_tls_version": "1.2",
                "php_version": "",
                "python_version": "",
                "remote_debugging_enabled": false,
                "remote_debugging_version": "VS2019",
                "scm_ip_restriction": [],
                "scm_type": "LocalGit",
                "scm_use_main_ip_restriction": false,
                "use_32_bit_worker_process": false,
                "websockets_enabled": false,
                "windows_fx_version": ""
              }
            ],
            "site_credential": [
              {
                "password": "8o9o2WoDoeRsdwiuTiZ5uyrHNna4udDRaN0o4bGQnG9eLy3Qm4e5buivQss5",
                "username": "$app-service-Jagadeesh"
              }
            ],
            "source_control": [
              {
                "branch": "master",
                "manual_integration": false,
                "repo_url": "https://app-service-jagadeesh.scm.azurewebsites.net",
                "rollback_enabled": false,
                "use_mercurial": false
              }
            ],
            "storage_account": [],
            "tags": {},
            "timeouts": null
          },
          "sensitive_attributes": [],
          "private": "eyJlMmJmYjczMC1lY2FhLTExZTYtOGY4OC0zNDM2M2JjN2M0YzAiOnsiY3JlYXRlIjoxODAwMDAwMDAwMDAwLCJkZWxldGUiOjE4MDAwMDAwMDAwMDAsInJlYWQiOjMwMDAwMDAwMDAwMCwidXBkYXRlIjoxODAwMDAwMDAwMDAwfX0=",
          "dependencies": [
            "azurerm_app_service_plan.main",
            "azurerm_resource_group.main"
          ]
        }
      ]
    },
    {
      "mode": "managed",
      "type": "azurerm_app_service_plan",
      "name": "main",
      "provider": "provider[\"registry.terraform.io/hashicorp/azurerm\"]",
      "instances": [
        {
          "schema_version": 0,
          "attributes": {
            "app_service_environment_id": "",
            "id": "/subscriptions/de7365e2-8329-48fc-8273-4ab1574e6b4b/resourceGroups/Jagadeesh/providers/Microsoft.Web/serverfarms/appserviceplan",
            "is_xenon": false,
            "kind": "Windows",
            "location": "westus2",
            "maximum_elastic_worker_count": 1,
            "maximum_number_of_workers": 10,
            "name": "appserviceplan",
            "per_site_scaling": false,
            "reserved": false,
            "resource_group_name": "Jagadeesh",
            "sku": [
              {
                "capacity": 1,
                "size": "S1",
                "tier": "Standard"
              }
            ],
            "tags": {},
            "timeouts": null
          },
          "sensitive_attributes": [],
          "private": "eyJlMmJmYjczMC1lY2FhLTExZTYtOGY4OC0zNDM2M2JjN2M0YzAiOnsiY3JlYXRlIjozNjAwMDAwMDAwMDAwLCJkZWxldGUiOjM2MDAwMDAwMDAwMDAsInJlYWQiOjMwMDAwMDAwMDAwMCwidXBkYXRlIjozNjAwMDAwMDAwMDAwfX0=",
          "dependencies": [
            "azurerm_resource_group.main"
          ]
        }
      ]
    },
    {
      "mode": "managed",
      "type": "azurerm_availability_set",
      "name": "main",
      "provider": "provider[\"registry.terraform.io/hashicorp/azurerm\"]",
      "instances": [
        {
          "schema_version": 0,
          "attributes": {
            "id": "/subscriptions/de7365e2-8329-48fc-8273-4ab1574e6b4b/resourceGroups/Jagadeesh/providers/Microsoft.Compute/availabilitySets/availability_set",
            "location": "westus2",
            "managed": true,
            "name": "availability_set",
            "platform_fault_domain_count": 3,
            "platform_update_domain_count": 20,
            "proximity_placement_group_id": null,
            "resource_group_name": "Jagadeesh",
            "tags": {},
            "timeouts": null
          },
          "sensitive_attributes": [],
          "private": "eyJlMmJmYjczMC1lY2FhLTExZTYtOGY4OC0zNDM2M2JjN2M0YzAiOnsiY3JlYXRlIjoxODAwMDAwMDAwMDAwLCJkZWxldGUiOjE4MDAwMDAwMDAwMDAsInJlYWQiOjMwMDAwMDAwMDAwMCwidXBkYXRlIjoxODAwMDAwMDAwMDAwfX0=",
          "dependencies": [
            "azurerm_resource_group.main"
          ]
        }
      ]
    },
    {
      "mode": "managed",
      "type": "azurerm_lb",
      "name": "main",
      "provider": "provider[\"registry.terraform.io/hashicorp/azurerm\"]",
      "instances": [
        {
          "schema_version": 0,
          "attributes": {
            "frontend_ip_configuration": [
              {
                "id": "/subscriptions/de7365e2-8329-48fc-8273-4ab1574e6b4b/resourceGroups/Jagadeesh/providers/Microsoft.Network/loadBalancers/LoadBalancer/frontendIPConfigurations/PublicIPAddress",
                "inbound_nat_rules": [
                  "/subscriptions/de7365e2-8329-48fc-8273-4ab1574e6b4b/resourceGroups/Jagadeesh/providers/Microsoft.Network/loadBalancers/LoadBalancer/inboundNatRules/win_vm_rdp"
                ],
                "load_balancer_rules": [],
                "name": "PublicIPAddress",
                "outbound_rules": [],
                "private_ip_address": "",
                "private_ip_address_allocation": "Dynamic",
                "private_ip_address_version": "IPv4",
                "public_ip_address_id": "/subscriptions/de7365e2-8329-48fc-8273-4ab1574e6b4b/resourceGroups/Jagadeesh/providers/Microsoft.Network/publicIPAddresses/PublicIPForLB",
                "public_ip_prefix_id": "",
                "subnet_id": "",
                "zones": []
              }
            ],
            "id": "/subscriptions/de7365e2-8329-48fc-8273-4ab1574e6b4b/resourceGroups/Jagadeesh/providers/Microsoft.Network/loadBalancers/LoadBalancer",
            "location": "westus2",
            "name": "LoadBalancer",
            "private_ip_address": "",
            "private_ip_addresses": [],
            "resource_group_name": "Jagadeesh",
            "sku": "Basic",
            "tags": {},
            "timeouts": null
          },
          "sensitive_attributes": [],
          "private": "eyJlMmJmYjczMC1lY2FhLTExZTYtOGY4OC0zNDM2M2JjN2M0YzAiOnsiY3JlYXRlIjoxODAwMDAwMDAwMDAwLCJkZWxldGUiOjE4MDAwMDAwMDAwMDAsInJlYWQiOjMwMDAwMDAwMDAwMCwidXBkYXRlIjoxODAwMDAwMDAwMDAwfX0=",
          "dependencies": [
            "azurerm_public_ip.main",
            "azurerm_resource_group.main"
          ]
        }
      ]
    },
    {
      "mode": "managed",
      "type": "azurerm_lb_backend_address_pool",
      "name": "main",
      "provider": "provider[\"registry.terraform.io/hashicorp/azurerm\"]",
      "instances": [
        {
          "schema_version": 0,
          "attributes": {
            "backend_ip_configurations": [],
            "id": "/subscriptions/de7365e2-8329-48fc-8273-4ab1574e6b4b/resourceGroups/Jagadeesh/providers/Microsoft.Network/loadBalancers/LoadBalancer/backendAddressPools/BackEndAddressPool",
            "load_balancing_rules": [],
            "loadbalancer_id": "/subscriptions/de7365e2-8329-48fc-8273-4ab1574e6b4b/resourceGroups/Jagadeesh/providers/Microsoft.Network/loadBalancers/LoadBalancer",
            "name": "BackEndAddressPool",
            "resource_group_name": "Jagadeesh",
            "timeouts": null
          },
          "sensitive_attributes": [],
          "private": "eyJlMmJmYjczMC1lY2FhLTExZTYtOGY4OC0zNDM2M2JjN2M0YzAiOnsiY3JlYXRlIjoxODAwMDAwMDAwMDAwLCJkZWxldGUiOjE4MDAwMDAwMDAwMDAsInJlYWQiOjMwMDAwMDAwMDAwMCwidXBkYXRlIjoxODAwMDAwMDAwMDAwfX0=",
          "dependencies": [
            "azurerm_lb.main",
            "azurerm_public_ip.main",
            "azurerm_resource_group.main"
          ]
        }
      ]
    },
    {
      "mode": "managed",
      "type": "azurerm_lb_nat_rule",
      "name": "main",
      "provider": "provider[\"registry.terraform.io/hashicorp/azurerm\"]",
      "instances": [
        {
          "schema_version": 0,
          "attributes": {
            "backend_ip_configuration_id": "/subscriptions/de7365e2-8329-48fc-8273-4ab1574e6b4b/resourceGroups/Jagadeesh/providers/Microsoft.Network/networkInterfaces/win_vm_nic/ipConfigurations/internal",
            "backend_port": 3389,
            "enable_floating_ip": false,
            "enable_tcp_reset": false,
            "frontend_ip_configuration_id": "/subscriptions/de7365e2-8329-48fc-8273-4ab1574e6b4b/resourceGroups/Jagadeesh/providers/Microsoft.Network/loadBalancers/LoadBalancer/frontendIPConfigurations/PublicIPAddress",
            "frontend_ip_configuration_name": "PublicIPAddress",
            "frontend_port": 5000,
            "id": "/subscriptions/de7365e2-8329-48fc-8273-4ab1574e6b4b/resourceGroups/Jagadeesh/providers/Microsoft.Network/loadBalancers/LoadBalancer/inboundNatRules/win_vm_rdp",
            "idle_timeout_in_minutes": 4,
            "loadbalancer_id": "/subscriptions/de7365e2-8329-48fc-8273-4ab1574e6b4b/resourceGroups/Jagadeesh/providers/Microsoft.Network/loadBalancers/LoadBalancer",
            "name": "win_vm_rdp",
            "protocol": "Tcp",
            "resource_group_name": "Jagadeesh",
            "timeouts": null
          },
          "sensitive_attributes": [],
          "private": "eyJlMmJmYjczMC1lY2FhLTExZTYtOGY4OC0zNDM2M2JjN2M0YzAiOnsiY3JlYXRlIjoxODAwMDAwMDAwMDAwLCJkZWxldGUiOjE4MDAwMDAwMDAwMDAsInJlYWQiOjMwMDAwMDAwMDAwMCwidXBkYXRlIjoxODAwMDAwMDAwMDAwfX0=",
          "dependencies": [
            "azurerm_lb.main",
            "azurerm_public_ip.main",
            "azurerm_resource_group.main"
          ]
        }
      ]
    },
    {
      "mode": "managed",
      "type": "azurerm_network_interface",
      "name": "main",
      "provider": "provider[\"registry.terraform.io/hashicorp/azurerm\"]",
      "instances": [
        {
          "schema_version": 0,
          "attributes": {
            "applied_dns_servers": [],
            "dns_servers": [],
            "enable_accelerated_networking": false,
            "enable_ip_forwarding": false,
            "id": "/subscriptions/de7365e2-8329-48fc-8273-4ab1574e6b4b/resourceGroups/Jagadeesh/providers/Microsoft.Network/networkInterfaces/win_vm_nic",
            "internal_dns_name_label": "",
            "internal_domain_name_suffix": "mla4dvm0iplu5iitidmc0vrlyg.xx.internal.cloudapp.net",
            "ip_configuration": [
              {
                "name": "internal",
                "primary": true,
                "private_ip_address": "10.0.2.6",
                "private_ip_address_allocation": "Dynamic",
                "private_ip_address_version": "IPv4",
                "public_ip_address_id": "",
                "subnet_id": "/subscriptions/de7365e2-8329-48fc-8273-4ab1574e6b4b/resourceGroups/Jagadeesh/providers/Microsoft.Network/virtualNetworks/myvnet/subnets/internal"
              }
            ],
            "location": "westus2",
            "mac_address": "00-0D-3A-F6-CE-61",
            "name": "win_vm_nic",
            "private_ip_address": "10.0.2.6",
            "private_ip_addresses": [
              "10.0.2.6"
            ],
            "resource_group_name": "Jagadeesh",
            "tags": {},
            "timeouts": null,
            "virtual_machine_id": "/subscriptions/de7365e2-8329-48fc-8273-4ab1574e6b4b/resourceGroups/Jagadeesh/providers/Microsoft.Compute/virtualMachines/WindowsServer"
          },
          "sensitive_attributes": [],
          "private": "eyJlMmJmYjczMC1lY2FhLTExZTYtOGY4OC0zNDM2M2JjN2M0YzAiOnsiY3JlYXRlIjoxODAwMDAwMDAwMDAwLCJkZWxldGUiOjE4MDAwMDAwMDAwMDAsInJlYWQiOjMwMDAwMDAwMDAwMCwidXBkYXRlIjoxODAwMDAwMDAwMDAwfX0=",
          "dependencies": [
            "azurerm_resource_group.main",
            "azurerm_subnet.main",
            "azurerm_virtual_network.main"
          ]
        }
      ]
    },
    {
      "mode": "managed",
      "type": "azurerm_network_interface_backend_address_pool_association",
      "name": "main",
      "provider": "provider[\"registry.terraform.io/hashicorp/azurerm\"]",
      "instances": [
        {
          "schema_version": 0,
          "attributes": {
            "backend_address_pool_id": "/subscriptions/de7365e2-8329-48fc-8273-4ab1574e6b4b/resourceGroups/Jagadeesh/providers/Microsoft.Network/loadBalancers/LoadBalancer/backendAddressPools/BackEndAddressPool",
            "id": "/subscriptions/de7365e2-8329-48fc-8273-4ab1574e6b4b/resourceGroups/Jagadeesh/providers/Microsoft.Network/networkInterfaces/win_vm_nic/ipConfigurations/internal|/subscriptions/de7365e2-8329-48fc-8273-4ab1574e6b4b/resourceGroups/Jagadeesh/providers/Microsoft.Network/loadBalancers/LoadBalancer/backendAddressPools/BackEndAddressPool",
            "ip_configuration_name": "internal",
            "network_interface_id": "/subscriptions/de7365e2-8329-48fc-8273-4ab1574e6b4b/resourceGroups/Jagadeesh/providers/Microsoft.Network/networkInterfaces/win_vm_nic",
            "timeouts": null
          },
          "sensitive_attributes": [],
          "private": "eyJlMmJmYjczMC1lY2FhLTExZTYtOGY4OC0zNDM2M2JjN2M0YzAiOnsiY3JlYXRlIjoxODAwMDAwMDAwMDAwLCJkZWxldGUiOjE4MDAwMDAwMDAwMDAsInJlYWQiOjMwMDAwMDAwMDAwMCwidXBkYXRlIjoxODAwMDAwMDAwMDAwfX0=",
          "dependencies": [
            "azurerm_lb_backend_address_pool.main",
            "azurerm_network_interface.main"
          ]
        }
      ]
    },
    {
      "mode": "managed",
      "type": "azurerm_network_interface_nat_rule_association",
      "name": "main",
      "provider": "provider[\"registry.terraform.io/hashicorp/azurerm\"]",
      "instances": [
        {
          "schema_version": 0,
          "attributes": {
            "id": "/subscriptions/de7365e2-8329-48fc-8273-4ab1574e6b4b/resourceGroups/Jagadeesh/providers/Microsoft.Network/networkInterfaces/win_vm_nic/ipConfigurations/internal|/subscriptions/de7365e2-8329-48fc-8273-4ab1574e6b4b/resourceGroups/Jagadeesh/providers/Microsoft.Network/loadBalancers/LoadBalancer/inboundNatRules/win_vm_rdp",
            "ip_configuration_name": "internal",
            "nat_rule_id": "/subscriptions/de7365e2-8329-48fc-8273-4ab1574e6b4b/resourceGroups/Jagadeesh/providers/Microsoft.Network/loadBalancers/LoadBalancer/inboundNatRules/win_vm_rdp",
            "network_interface_id": "/subscriptions/de7365e2-8329-48fc-8273-4ab1574e6b4b/resourceGroups/Jagadeesh/providers/Microsoft.Network/networkInterfaces/win_vm_nic",
            "timeouts": null
          },
          "sensitive_attributes": [],
          "private": "eyJlMmJmYjczMC1lY2FhLTExZTYtOGY4OC0zNDM2M2JjN2M0YzAiOnsiY3JlYXRlIjoxODAwMDAwMDAwMDAwLCJkZWxldGUiOjE4MDAwMDAwMDAwMDAsInJlYWQiOjMwMDAwMDAwMDAwMCwidXBkYXRlIjoxODAwMDAwMDAwMDAwfX0=",
          "dependencies": [
            "azurerm_lb.main",
            "azurerm_lb_nat_rule.main",
            "azurerm_network_interface.main",
            "azurerm_public_ip.main",
            "azurerm_resource_group.main",
            "azurerm_subnet.main",
            "azurerm_virtual_network.main"
          ]
        }
      ]
    },
    {
      "mode": "managed",
      "type": "azurerm_public_ip",
      "name": "main",
      "provider": "provider[\"registry.terraform.io/hashicorp/azurerm\"]",
      "instances": [
        {
          "schema_version": 0,
          "attributes": {
            "allocation_method": "Static",
            "domain_name_label": null,
            "fqdn": null,
            "id": "/subscriptions/de7365e2-8329-48fc-8273-4ab1574e6b4b/resourceGroups/Jagadeesh/providers/Microsoft.Network/publicIPAddresses/PublicIPForLB",
            "idle_timeout_in_minutes": 4,
            "ip_address": "52.229.34.250",
            "ip_version": "IPv4",
            "location": "westus2",
            "name": "PublicIPForLB",
            "public_ip_prefix_id": null,
            "resource_group_name": "Jagadeesh",
            "reverse_fqdn": null,
            "sku": "Basic",
            "tags": {},
            "timeouts": null,
            "zones": []
          },
          "sensitive_attributes": [],
          "private": "eyJlMmJmYjczMC1lY2FhLTExZTYtOGY4OC0zNDM2M2JjN2M0YzAiOnsiY3JlYXRlIjoxODAwMDAwMDAwMDAwLCJkZWxldGUiOjE4MDAwMDAwMDAwMDAsInJlYWQiOjMwMDAwMDAwMDAwMCwidXBkYXRlIjoxODAwMDAwMDAwMDAwfX0=",
          "dependencies": [
            "azurerm_resource_group.main"
          ]
        }
      ]
    },
    {
      "mode": "managed",
      "type": "azurerm_resource_group",
      "name": "main",
      "provider": "provider[\"registry.terraform.io/hashicorp/azurerm\"]",
      "instances": [
        {
          "schema_version": 0,
          "attributes": {
            "id": "/subscriptions/de7365e2-8329-48fc-8273-4ab1574e6b4b/resourceGroups/Jagadeesh",
            "location": "westus2",
            "name": "Jagadeesh",
            "tags": {},
            "timeouts": null
          },
          "sensitive_attributes": [],
          "private": "eyJlMmJmYjczMC1lY2FhLTExZTYtOGY4OC0zNDM2M2JjN2M0YzAiOnsiY3JlYXRlIjo1NDAwMDAwMDAwMDAwLCJkZWxldGUiOjU0MDAwMDAwMDAwMDAsInJlYWQiOjMwMDAwMDAwMDAwMCwidXBkYXRlIjo1NDAwMDAwMDAwMDAwfX0="
        }
      ]
    },
    {
      "mode": "managed",
      "type": "azurerm_subnet",
      "name": "main",
      "provider": "provider[\"registry.terraform.io/hashicorp/azurerm\"]",
      "instances": [
        {
          "schema_version": 0,
          "attributes": {
            "address_prefix": "10.0.2.0/24",
            "address_prefixes": [
              "10.0.2.0/24"
            ],
            "delegation": [],
            "enforce_private_link_endpoint_network_policies": false,
            "enforce_private_link_service_network_policies": false,
            "id": "/subscriptions/de7365e2-8329-48fc-8273-4ab1574e6b4b/resourceGroups/Jagadeesh/providers/Microsoft.Network/virtualNetworks/myvnet/subnets/internal",
            "name": "internal",
            "resource_group_name": "Jagadeesh",
            "service_endpoint_policy_ids": [],
            "service_endpoints": [],
            "timeouts": null,
            "virtual_network_name": "myvnet"
          },
          "sensitive_attributes": [],
          "private": "eyJlMmJmYjczMC1lY2FhLTExZTYtOGY4OC0zNDM2M2JjN2M0YzAiOnsiY3JlYXRlIjoxODAwMDAwMDAwMDAwLCJkZWxldGUiOjE4MDAwMDAwMDAwMDAsInJlYWQiOjMwMDAwMDAwMDAwMCwidXBkYXRlIjoxODAwMDAwMDAwMDAwfX0=",
          "dependencies": [
            "azurerm_resource_group.main",
            "azurerm_virtual_network.main"
          ]
        }
      ]
    },
    {
      "mode": "managed",
      "type": "azurerm_virtual_network",
      "name": "main",
      "provider": "provider[\"registry.terraform.io/hashicorp/azurerm\"]",
      "instances": [
        {
          "schema_version": 0,
          "attributes": {
            "address_space": [
              "10.0.0.0/16"
            ],
            "bgp_community": "",
            "ddos_protection_plan": [],
            "dns_servers": [],
            "guid": "d5e1c162-439a-4fd7-a113-40d82d562bc6",
            "id": "/subscriptions/de7365e2-8329-48fc-8273-4ab1574e6b4b/resourceGroups/Jagadeesh/providers/Microsoft.Network/virtualNetworks/myvnet",
            "location": "westus2",
            "name": "myvnet",
            "resource_group_name": "Jagadeesh",
            "subnet": [
              {
                "address_prefix": "10.0.2.0/24",
                "id": "/subscriptions/de7365e2-8329-48fc-8273-4ab1574e6b4b/resourceGroups/Jagadeesh/providers/Microsoft.Network/virtualNetworks/myvnet/subnets/internal",
                "name": "internal",
                "security_group": ""
              }
            ],
            "tags": {},
            "timeouts": null,
            "vm_protection_enabled": false
          },
          "sensitive_attributes": [],
          "private": "eyJlMmJmYjczMC1lY2FhLTExZTYtOGY4OC0zNDM2M2JjN2M0YzAiOnsiY3JlYXRlIjoxODAwMDAwMDAwMDAwLCJkZWxldGUiOjE4MDAwMDAwMDAwMDAsInJlYWQiOjMwMDAwMDAwMDAwMCwidXBkYXRlIjoxODAwMDAwMDAwMDAwfX0=",
          "dependencies": [
            "azurerm_resource_group.main"
          ]
        }
      ]
    },
    {
      "mode": "managed",
      "type": "azurerm_windows_virtual_machine",
      "name": "main",
      "provider": "provider[\"registry.terraform.io/hashicorp/azurerm\"]",
      "instances": [
        {
          "schema_version": 0,
          "attributes": {
            "additional_capabilities": [],
            "additional_unattend_content": [],
            "admin_password": "Oneindia$123",
            "admin_username": "sysadmin",
            "allow_extension_operations": true,
            "availability_set_id": "/subscriptions/de7365e2-8329-48fc-8273-4ab1574e6b4b/resourceGroups/Jagadeesh/providers/Microsoft.Compute/availabilitySets/AVAILABILITY_SET",
            "boot_diagnostics": [],
            "computer_name": "WindowsServer",
            "custom_data": null,
            "dedicated_host_id": "",
            "enable_automatic_updates": true,
            "encryption_at_host_enabled": false,
            "eviction_policy": "",
            "extensions_time_budget": "PT1H30M",
            "id": "/subscriptions/de7365e2-8329-48fc-8273-4ab1574e6b4b/resourceGroups/Jagadeesh/providers/Microsoft.Compute/virtualMachines/WindowsServer",
            "identity": [],
            "license_type": "",
            "location": "westus2",
            "max_bid_price": -1,
            "name": "WindowsServer",
            "network_interface_ids": [
              "/subscriptions/de7365e2-8329-48fc-8273-4ab1574e6b4b/resourceGroups/Jagadeesh/providers/Microsoft.Network/networkInterfaces/win_vm_nic"
            ],
            "os_disk": [
              {
                "caching": "ReadWrite",
                "diff_disk_settings": [],
                "disk_encryption_set_id": "",
                "disk_size_gb": 127,
                "name": "WindowsServer_OsDisk_1_56a5efbdf08244589cd5ec646f4e1bff",
                "storage_account_type": "Standard_LRS",
                "write_accelerator_enabled": false
              }
            ],
            "patch_mode": "AutomaticByOS",
            "plan": [],
            "priority": "Regular",
            "private_ip_address": "10.0.2.6",
            "private_ip_addresses": [
              "10.0.2.6"
            ],
            "provision_vm_agent": true,
            "proximity_placement_group_id": "",
            "public_ip_address": "",
            "public_ip_addresses": [],
            "resource_group_name": "Jagadeesh",
            "secret": [],
            "size": "Standard_F2",
            "source_image_id": "",
            "source_image_reference": [
              {
                "offer": "WindowsServer",
                "publisher": "MicrosoftWindowsServer",
                "sku": "2016-Datacenter",
                "version": "latest"
              }
            ],
            "tags": {},
            "timeouts": null,
            "timezone": "",
            "virtual_machine_id": "872cdb49-2dcb-4613-b928-f835532c382a",
            "virtual_machine_scale_set_id": "",
            "winrm_listener": [],
            "zone": ""
          },
          "sensitive_attributes": [],
          "private": "eyJlMmJmYjczMC1lY2FhLTExZTYtOGY4OC0zNDM2M2JjN2M0YzAiOnsiY3JlYXRlIjoyNzAwMDAwMDAwMDAwLCJkZWxldGUiOjI3MDAwMDAwMDAwMDAsInJlYWQiOjMwMDAwMDAwMDAwMCwidXBkYXRlIjoyNzAwMDAwMDAwMDAwfX0=",
          "dependencies": [
            "azurerm_availability_set.main",
            "azurerm_network_interface.main",
            "azurerm_resource_group.main",
            "azurerm_subnet.main",
            "azurerm_virtual_network.main"
          ]
        }
      ]
    },
    {
      "mode": "managed",
      "type": "azurerm_windows_virtual_machine_scale_set",
      "name": "main",
      "provider": "provider[\"registry.terraform.io/hashicorp/azurerm\"]",
      "instances": [
        {
          "schema_version": 0,
          "attributes": {
            "additional_capabilities": [],
            "additional_unattend_content": [],
            "admin_password": "Oneindia$123",
            "admin_username": "sysadmin",
            "automatic_instance_repair": [
              {
                "enabled": false,
                "grace_period": "PT30M"
              }
            ],
            "automatic_os_upgrade_policy": [],
            "boot_diagnostics": [],
            "computer_name_prefix": "vmss",
            "custom_data": null,
            "data_disk": [],
            "do_not_run_extensions_on_overprovisioned_machines": false,
            "enable_automatic_updates": true,
            "encryption_at_host_enabled": false,
            "eviction_policy": "",
            "extension": [],
            "health_probe_id": "",
            "id": "/subscriptions/de7365e2-8329-48fc-8273-4ab1574e6b4b/resourceGroups/Jagadeesh/providers/Microsoft.Compute/virtualMachineScaleSets/vmss",
            "identity": [],
            "instances": 1,
            "license_type": "",
            "location": "westus2",
            "max_bid_price": -1,
            "name": "vmss",
            "network_interface": [
              {
                "dns_servers": [],
                "enable_accelerated_networking": false,
                "enable_ip_forwarding": false,
                "ip_configuration": [
                  {
                    "application_gateway_backend_address_pool_ids": [],
                    "application_security_group_ids": [],
                    "load_balancer_backend_address_pool_ids": [],
                    "load_balancer_inbound_nat_rules_ids": [],
                    "name": "vmss_NIC_ip",
                    "primary": true,
                    "public_ip_address": [],
                    "subnet_id": "/subscriptions/de7365e2-8329-48fc-8273-4ab1574e6b4b/resourceGroups/Jagadeesh/providers/Microsoft.Network/virtualNetworks/myvnet/subnets/internal",
                    "version": "IPv4"
                  }
                ],
                "name": "vmss_NIC",
                "network_security_group_id": "",
                "primary": true
              }
            ],
            "os_disk": [
              {
                "caching": "ReadWrite",
                "diff_disk_settings": [],
                "disk_encryption_set_id": "",
                "disk_size_gb": 127,
                "storage_account_type": "Standard_LRS",
                "write_accelerator_enabled": false
              }
            ],
            "overprovision": true,
            "plan": [],
            "platform_fault_domain_count": 0,
            "priority": "Regular",
            "provision_vm_agent": true,
            "proximity_placement_group_id": "",
            "resource_group_name": "Jagadeesh",
            "rolling_upgrade_policy": [],
            "scale_in_policy": "Default",
            "secret": [],
            "single_placement_group": true,
            "sku": "Standard_F2",
            "source_image_id": "",
            "source_image_reference": [
              {
                "offer": "Windows-10",
                "publisher": "MicrosoftWindowsDesktop",
                "sku": "rs5-pro",
                "version": "latest"
              }
            ],
            "tags": {},
            "terminate_notification": [],
            "timeouts": null,
            "timezone": "",
            "unique_id": "865183d8-f812-4aaf-85a0-b6bf0aba5c2c",
            "upgrade_mode": "Manual",
            "winrm_listener": [],
            "zone_balance": false,
            "zones": []
          },
          "sensitive_attributes": [],
          "private": "eyJlMmJmYjczMC1lY2FhLTExZTYtOGY4OC0zNDM2M2JjN2M0YzAiOnsiY3JlYXRlIjozNjAwMDAwMDAwMDAwLCJkZWxldGUiOjM2MDAwMDAwMDAwMDAsInJlYWQiOjMwMDAwMDAwMDAwMCwidXBkYXRlIjozNjAwMDAwMDAwMDAwfX0=",
          "dependencies": [
            "azurerm_resource_group.main",
            "azurerm_subnet.main",
            "azurerm_virtual_network.main"
          ]
        }
      ]
    }
  ]
}
